// !$*UTF8*$!
{
	archiveVersion = 1;
	classes = {
	};
	objectVersion = 46;
	objects = {

/* Begin PBXBuildFile section */
		372C89A71528FED500673843 /* Default.png in Resources */ = {isa = PBXBuildFile; fileRef = 372C89A61528FED500673843 /* Default.png */; };
		372C89A91528FEEE00673843 /* Icon.png in Resources */ = {isa = PBXBuildFile; fileRef = 372C89A81528FEEE00673843 /* Icon.png */; };
		37B7C9AA152884CD00072E0D /* UIKit.framework in Frameworks */ = {isa = PBXBuildFile; fileRef = 37B7C9A9152884CD00072E0D /* UIKit.framework */; };
		37B7C9AC152884CD00072E0D /* Foundation.framework in Frameworks */ = {isa = PBXBuildFile; fileRef = 37B7C9AB152884CD00072E0D /* Foundation.framework */; };
		37B7C9AE152884CD00072E0D /* CoreGraphics.framework in Frameworks */ = {isa = PBXBuildFile; fileRef = 37B7C9AD152884CD00072E0D /* CoreGraphics.framework */; };
		37B7C9B4152884CD00072E0D /* InfoPlist.strings in Resources */ = {isa = PBXBuildFile; fileRef = 37B7C9B2152884CD00072E0D /* InfoPlist.strings */; };
		37B7C9B6152884CD00072E0D /* main.m in Sources */ = {isa = PBXBuildFile; fileRef = 37B7C9B5152884CD00072E0D /* main.m */; };
		37B7C9BA152884CD00072E0D /* April5AppDelegate.m in Sources */ = {isa = PBXBuildFile; fileRef = 37B7C9B9152884CD00072E0D /* April5AppDelegate.m */; };
		37B7C9C2152884F700072E0D /* View.m in Sources */ = {isa = PBXBuildFile; fileRef = 37B7C9C1152884F700072E0D /* View.m */; };
		37B7C9C91528CAFA00072E0D /* Localizable.strings in Resources */ = {isa = PBXBuildFile; fileRef = 37B7C9C71528CAFA00072E0D /* Localizable.strings */; };
/* End PBXBuildFile section */

/* Begin PBXFileReference section */
		372C89A61528FED500673843 /* Default.png */ = {isa = PBXFileReference; lastKnownFileType = image.png; path = Default.png; sourceTree = "<group>"; };
		372C89A81528FEEE00673843 /* Icon.png */ = {isa = PBXFileReference; lastKnownFileType = image.png; path = Icon.png; sourceTree = "<group>"; };
		37B7C9A5152884CD00072E0D /* April5.app */ = {isa = PBXFileReference; explicitFileType = wrapper.application; includeInIndex = 0; path = April5.app; sourceTree = BUILT_PRODUCTS_DIR; };
		37B7C9A9152884CD00072E0D /* UIKit.framework */ = {isa = PBXFileReference; lastKnownFileType = wrapper.framework; name = UIKit.framework; path = System/Library/Frameworks/UIKit.framework; sourceTree = SDKROOT; };
		37B7C9AB152884CD00072E0D /* Foundation.framework */ = {isa = PBXFileReference; lastKnownFileType = wrapper.framework; name = Foundation.framework; path = System/Library/Frameworks/Foundation.framework; sourceTree = SDKROOT; };
		37B7C9AD152884CD00072E0D /* CoreGraphics.framework */ = {isa = PBXFileReference; lastKnownFileType = wrapper.framework; name = CoreGraphics.framework; path = System/Library/Frameworks/CoreGraphics.framework; sourceTree = SDKROOT; };
		37B7C9B1152884CD00072E0D /* April5-Info.plist */ = {isa = PBXFileReference; lastKnownFileType = text.plist.xml; path = "April5-Info.plist"; sourceTree = "<group>"; };
		37B7C9B3152884CD00072E0D /* en */ = {isa = PBXFileReference; lastKnownFileType = text.plist.strings; name = en; path = en.lproj/InfoPlist.strings; sourceTree = "<group>"; };
		37B7C9B5152884CD00072E0D /* main.m */ = {isa = PBXFileReference; lastKnownFileType = sourcecode.c.objc; path = main.m; sourceTree = "<group>"; };
		37B7C9B7152884CD00072E0D /* April5-Prefix.pch */ = {isa = PBXFileReference; lastKnownFileType = sourcecode.c.h; path = "April5-Prefix.pch"; sourceTree = "<group>"; };
		37B7C9B8152884CD00072E0D /* April5AppDelegate.h */ = {isa = PBXFileReference; lastKnownFileType = sourcecode.c.h; path = April5AppDelegate.h; sourceTree = "<group>"; };
		37B7C9B9152884CD00072E0D /* April5AppDelegate.m */ = {isa = PBXFileReference; lastKnownFileType = sourcecode.c.objc; path = April5AppDelegate.m; sourceTree = "<group>"; };
		37B7C9C0152884F700072E0D /* View.h */ = {isa = PBXFileReference; fileEncoding = 4; lastKnownFileType = sourcecode.c.h; path = View.h; sourceTree = "<group>"; };
		37B7C9C1152884F700072E0D /* View.m */ = {isa = PBXFileReference; fileEncoding = 4; lastKnownFileType = sourcecode.c.objc; path = View.m; sourceTree = "<group>"; };
		37B7C9C81528CAFA00072E0D /* fr */ = {isa = PBXFileReference; lastKnownFileType = text.plist.strings; name = fr; path = fr.lproj/Localizable.strings; sourceTree = "<group>"; };
/* End PBXFileReference section */

/* Begin PBXFrameworksBuildPhase section */
		37B7C9A2152884CD00072E0D /* Frameworks */ = {
			isa = PBXFrameworksBuildPhase;
			buildActionMask = 2147483647;
			files = (
				37B7C9AA152884CD00072E0D /* UIKit.framework in Frameworks */,
				37B7C9AC152884CD00072E0D /* Foundation.framework in Frameworks */,
				37B7C9AE152884CD00072E0D /* CoreGraphics.framework in Frameworks */,
			);
			runOnlyForDeploymentPostprocessing = 0;
		};
/* End PBXFrameworksBuildPhase section */

/* Begin PBXGroup section */
		37B7C99A152884CD00072E0D = {
			isa = PBXGroup;
			children = (
				372C89A81528FEEE00673843 /* Icon.png */,
				372C89A61528FED500673843 /* Default.png */,
				37B7C9AF152884CD00072E0D /* April5 */,
				37B7C9A8152884CD00072E0D /* Frameworks */,
				37B7C9A6152884CD00072E0D /* Products */,
			);
			sourceTree = "<group>";
		};
		37B7C9A6152884CD00072E0D /* Products */ = {
			isa = PBXGroup;
			children = (
				37B7C9A5152884CD00072E0D /* April5.app */,
			);
			name = Products;
			sourceTree = "<group>";
		};
		37B7C9A8152884CD00072E0D /* Frameworks */ = {
			isa = PBXGroup;
			children = (
				37B7C9A9152884CD00072E0D /* UIKit.framework */,
				37B7C9AB152884CD00072E0D /* Foundation.framework */,
				37B7C9AD152884CD00072E0D /* CoreGraphics.framework */,
			);
			name = Frameworks;
			sourceTree = "<group>";
		};
		37B7C9AF152884CD00072E0D /* April5 */ = {
			isa = PBXGroup;
			children = (
				37B7C9B8152884CD00072E0D /* April5AppDelegate.h */,
				37B7C9B9152884CD00072E0D /* April5AppDelegate.m */,
				37B7C9C0152884F700072E0D /* View.h */,
				37B7C9C1152884F700072E0D /* View.m */,
				37B7C9B0152884CD00072E0D /* Supporting Files */,
			);
			path = April5;
			sourceTree = "<group>";
		};
		37B7C9B0152884CD00072E0D /* Supporting Files */ = {
			isa = PBXGroup;
			children = (
				37B7C9C71528CAFA00072E0D /* Localizable.strings */,
				37B7C9B1152884CD00072E0D /* April5-Info.plist */,
				37B7C9B2152884CD00072E0D /* InfoPlist.strings */,
				37B7C9B5152884CD00072E0D /* main.m */,
				37B7C9B7152884CD00072E0D /* April5-Prefix.pch */,
			);
			name = "Supporting Files";
			sourceTree = "<group>";
		};
/* End PBXGroup section */

/* Begin PBXNativeTarget section */
		37B7C9A4152884CD00072E0D /* April5 */ = {
			isa = PBXNativeTarget;
			buildConfigurationList = 37B7C9BD152884CD00072E0D /* Build configuration list for PBXNativeTarget "April5" */;
			buildPhases = (
				37B7C9A1152884CD00072E0D /* Sources */,
				37B7C9A2152884CD00072E0D /* Frameworks */,
				37B7C9A3152884CD00072E0D /* Resources */,
			);
			buildRules = (
			);
			dependencies = (
			);
			name = April5;
			productName = April5;
			productReference = 37B7C9A5152884CD00072E0D /* April5.app */;
			productType = "com.apple.product-type.application";
		};
/* End PBXNativeTarget section */

/* Begin PBXProject section */
		37B7C99C152884CD00072E0D /* Project object */ = {
			isa = PBXProject;
			attributes = {
				CLASSPREFIX = April5;
				LastUpgradeCheck = 0430;
				ORGANIZATIONNAME = "Walsh walsh Studio";
			};
			buildConfigurationList = 37B7C99F152884CD00072E0D /* Build configuration list for PBXProject "April5" */;
			compatibilityVersion = "Xcode 3.2";
			developmentRegion = English;
			hasScannedForEncodings = 0;
			knownRegions = (
				en,
				fr,
			);
			mainGroup = 37B7C99A152884CD00072E0D;
			productRefGroup = 37B7C9A6152884CD00072E0D /* Products */;
			projectDirPath = "";
			projectRoot = "";
			targets = (
				37B7C9A4152884CD00072E0D /* April5 */,
			);
		};
/* End PBXProject section */

/* Begin PBXResourcesBuildPhase section */
		37B7C9A3152884CD00072E0D /* Resources */ = {
			isa = PBXResourcesBuildPhase;
			buildActionMask = 2147483647;
			files = (
				37B7C9B4152884CD00072E0D /* InfoPlist.strings in Resources */,
				37B7C9C91528CAFA00072E0D /* Localizable.strings in Resources */,
				372C89A71528FED500673843 /* Default.png in Resources */,
				372C89A91528FEEE00673843 /* Icon.png in Resources */,
			);
			runOnlyForDeploymentPostprocessing = 0;
		};
/* End PBXResourcesBuildPhase section */

/* Begin PBXSourcesBuildPhase section */
		37B7C9A1152884CD00072E0D /* Sources */ = {
			isa = PBXSourcesBuildPhase;
			buildActionMask = 2147483647;
			files = (
				37B7C9B6152884CD00072E0D /* main.m in Sources */,
				37B7C9BA152884CD00072E0D /* April5AppDelegate.m in Sources */,
				37B7C9C2152884F700072E0D /* View.m in Sources */,
			);
			runOnlyForDeploymentPostprocessing = 0;
		};
/* End PBXSourcesBuildPhase section */

/* Begin PBXVariantGroup section */
		37B7C9B2152884CD00072E0D /* InfoPlist.strings */ = {
			isa = PBXVariantGroup;
			children = (
				37B7C9B3152884CD00072E0D /* en */,
			);
			name = InfoPlist.strings;
			sourceTree = "<group>";
		};
		37B7C9C71528CAFA00072E0D /* Localizable.strings */ = {
			isa = PBXVariantGroup;
			children = (
				37B7C9C81528CAFA00072E0D /* fr */,
			);
			name = Localizable.strings;
			sourceTree = "<group>";
		};
/* End PBXVariantGroup section */

/* Begin XCBuildConfiguration section */
		37B7C9BB152884CD00072E0D /* Debug */ = {
			isa = XCBuildConfiguration;
			buildSettings = {
				ALWAYS_SEARCH_USER_PATHS = NO;
				ARCHS = "$(ARCHS_STANDARD_32_BIT)";
				CLANG_ENABLE_OBJC_ARC = YES;
				"CODE_SIGN_IDENTITY[sdk=iphoneos*]" = "iPhone Developer";
				COPY_PHASE_STRIP = NO;
				GCC_C_LANGUAGE_STANDARD = gnu99;
				GCC_DYNAMIC_NO_PIC = NO;
				GCC_OPTIMIZATION_LEVEL = 0;
				GCC_PREPROCESSOR_DEFINITIONS = (
					"DEBUG=1",
					"$(inherited)",
				);
				GCC_SYMBOLS_PRIVATE_EXTERN = NO;
				GCC_VERSION = com.apple.compilers.llvm.clang.1_0;
				GCC_WARN_ABOUT_RETURN_TYPE = YES;
				GCC_WARN_UNINITIALIZED_AUTOS = YES;
				GCC_WARN_UNUSED_VARIABLE = YES;
				IPHONEOS_DEPLOYMENT_TARGET = 5.1;
				SDKROOT = iphoneos;
			};
			name = Debug;
		};
		37B7C9BC152884CD00072E0D /* Release */ = {
			isa = XCBuildConfiguration;
			buildSettings = {
				ALWAYS_SEARCH_USER_PATHS = NO;
				ARCHS = "$(ARCHS_STANDARD_32_BIT)";
				CLANG_ENABLE_OBJC_ARC = YES;
				"CODE_SIGN_IDENTITY[sdk=iphoneos*]" = "iPhone Developer";
				COPY_PHASE_STRIP = YES;
				GCC_C_LANGUAGE_STANDARD = gnu99;
				GCC_VERSION = com.apple.compilers.llvm.clang.1_0;
				GCC_WARN_ABOUT_RETURN_TYPE = YES;
				GCC_WARN_UNINITIALIZED_AUTOS = YES;
				GCC_WARN_UNUSED_VARIABLE = YES;
				IPHONEOS_DEPLOYMENT_TARGET = 5.1;
				OTHER_CFLAGS = "-DNS_BLOCK_ASSERTIONS=1";
				SDKROOT = iphoneos;
				VALIDATE_PRODUCT = YES;
			};
			name = Release;
		};
		37B7C9BE152884CD00072E0D /* Debug */ = {
			isa = XCBuildConfiguration;
			buildSettings = {
				GCC_PRECOMPILE_PREFIX_HEADER = YES;
				GCC_PREFIX_HEADER = "April5/April5-Prefix.pch";
				INFOPLIST_FILE = "April5/April5-Info.plist";
				PRODUCT_NAME = "$(TARGET_NAME)";
				WRAPPER_EXTENSION = app;
			};
			name = Debug;
		};
		37B7C9BF152884CD00072E0D /* Release */ = {
			isa = XCBuildConfiguration;
			buildSettings = {
				GCC_PRECOMPILE_PREFIX_HEADER = YES;
				GCC_PREFIX_HEADER = "April5/April5-Prefix.pch";
				INFOPLIST_FILE = "April5/April5-Info.plist";
				PRODUCT_NAME = "$(TARGET_NAME)";
				WRAPPER_EXTENSION = app;
			};
			name = Release;
		};
/* End XCBuildConfiguration section */

/* Begin XCConfigurationList section */
		37B7C99F152884CD00072E0D /* Build configuration list for PBXProject "April5" */ = {
			isa = XCConfigurationList;
			buildConfigurations = (
				37B7C9BB152884CD00072E0D /* Debug */,
				37B7C9BC152884CD00072E0D /* Release */,
			);
			defaultConfigurationIsVisible = 0;
			defaultConfigurationName = Release;
		};
		37B7C9BD152884CD00072E0D /* Build configuration list for PBXNativeTarget "April5" */ = {
			isa = XCConfigurationList;
			buildConfigurations = (
				37B7C9BE152884CD00072E0D /* Debug */,
				37B7C9BF152884CD00072E0D /* Release */,
			);
			defaultConfigurationIsVisible = 0;
			defaultConfigurationName = Release;
		};
/* End XCConfigurationList section */
	};
	rootObject = 37B7C99C152884CD00072E0D /* Project object */;
}
